# This file is automatically @generated by Cargo.
# It is not intended for manual editing.
version = 3

[[package]]
name = "arr_demo"
version = "0.1.0"

[[package]]
name = "cache"
version = "0.1.0"

[[package]]
name = "dfs_and_bfs"
version = "0.1.0"

[[package]]
name = "double_ptr"
version = "0.1.0"

[[package]]
name = "dp_demo"
version = "0.1.0"

[[package]]
name = "graphics_demo"
version = "0.1.0"

[[package]]
name = "leetcode"
version = "0.1.0"
dependencies = [
 "double_ptr",
]

[[package]]
name = "list_demo"
version = "0.1.0"

[[package]]
name = "math_demo"
version = "0.1.0"

[[package]]
name = "matrix_demo"
version = "0.1.0"

[[package]]
name = "send_point"
version = "0.1.0"

[[package]]
name = "simple_demo"
version = "0.1.0"

[[package]]
name = "simulation_demo"
version = "0.1.0"

[[package]]
name = "str_demo"
version = "0.1.0"

[[package]]
name = "tree_demo"
version = "0.1.0"
